
Microsoft Visual Studio Solution File, Format Version 12.00
# Visual Studio 15
VisualStudioVersion = 15.0.28010.2019
MinimumVisualStudioVersion = 10.0.40219.1
Project("{FAE04EC0-301F-11D3-BF4B-00C04F79EFBC}") = "Calendar", "Calendar\Calendar.csproj", "{17B69B2C-D072-4F7B-BA39-7DDAC50E5B6C}"
EndProject
Global
	GlobalSection(SolutionConfigurationPlatforms) = preSolution
		Debug|Any CPU = Debug|Any CPU
		Release|Any CPU = Release|Any CPU
	EndGlobalSection
	GlobalSection(ProjectConfigurationPlatforms) = postSolution
		{17B69B2C-D072-4F7B-BA39-7DDAC50E5B6C}.Debug|Any CPU.ActiveCfg = Debug|Any CPU
		{17B69B2C-D072-4F7B-BA39-7DDAC50E5B6C}.Debug|Any CPU.Build.0 = Debug|Any CPU
		{17B69B2C-D072-4F7B-BA39-7DDAC50E5B6C}.Release|Any CPU.ActiveCfg = Release|Any CPU
		{17B69B2C-D072-4F7B-BA39-7DDAC50E5B6C}.Release|Any CPU.Build.0 = Release|Any CPU
	EndGlobalSection
	GlobalSection(SolutionProperties) = preSolution
		HideSolutionNode = FALSE
	EndGlobalSection
	GlobalSection(ExtensibilityGlobals) = postSolution
		SolutionGuid = {E75E6EC2-997A-478C-8252-B3C1CBE6F8FD}
	EndGlobalSection
EndGlobal
